{
  "name": "pull",
  "dependencies": {
    "edit-google-spreadsheet": {
      "version": "0.2.10",
      "from": "edit-google-spreadsheet@0.2.10",
      "resolved": "https://registry.npmjs.org/edit-google-spreadsheet/-/edit-google-spreadsheet-0.2.10.tgz",
      "dependencies": {
        "colors": {
          "version": "0.6.2",
          "from": "colors@~0.6.0-1"
        },
        "googleclientlogin": {
          "version": "0.2.8",
          "from": "googleclientlogin@~0.2.6"
        },
        "lodash": {
          "version": "1.2.1",
          "from": "lodash@~1.2.1",
          "resolved": "https://registry.npmjs.org/lodash/-/lodash-1.2.1.tgz"
        },
        "request": {
          "version": "2.21.0",
          "from": "request@~2.21.0",
          "resolved": "https://registry.npmjs.org/request/-/request-2.21.0.tgz",
          "dependencies": {
            "qs": {
              "version": "0.6.6",
              "from": "qs@~0.6.0"
            },
            "json-stringify-safe": {
              "version": "4.0.0",
              "from": "json-stringify-safe@~4.0.0"
            },
            "forever-agent": {
              "version": "0.5.2",
              "from": "forever-agent@~0.5.0"
            },
            "tunnel-agent": {
              "version": "0.3.0",
              "from": "tunnel-agent@~0.3.0"
            },
            "http-signature": {
              "version": "0.9.11",
              "from": "http-signature@~0.9.11",
              "dependencies": {
                "assert-plus": {
                  "version": "0.1.2",
                  "from": "assert-plus@0.1.2",
                  "resolved": "https://registry.npmjs.org/assert-plus/-/assert-plus-0.1.2.tgz"
                },
                "asn1": {
                  "version": "0.1.11",
                  "from": "asn1@0.1.11",
                  "resolved": "https://registry.npmjs.org/asn1/-/asn1-0.1.11.tgz"
                },
                "ctype": {
                  "version": "0.5.2",
                  "from": "ctype@0.5.2",
                  "resolved": "https://registry.npmjs.org/ctype/-/ctype-0.5.2.tgz"
                }
              }
            },
            "hawk": {
              "version": "0.13.1",
              "from": "hawk@~0.13.0",
              "dependencies": {
                "hoek": {
                  "version": "0.8.5",
                  "from": "hoek@0.8.x"
                },
                "boom": {
                  "version": "0.4.2",
                  "from": "boom@0.4.x",
                  "dependencies": {
                    "hoek": {
                      "version": "0.9.1",
                      "from": "hoek@0.9.x"
                    }
                  }
                },
                "cryptiles": {
                  "version": "0.2.2",
                  "from": "cryptiles@0.2.x"
                },
                "sntp": {
                  "version": "0.2.4",
                  "from": "sntp@0.2.x",
                  "dependencies": {
                    "hoek": {
                      "version": "0.9.1",
                      "from": "hoek@0.9.x"
                    }
                  }
                }
              }
            },
            "aws-sign": {
              "version": "0.3.0",
              "from": "aws-sign@~0.3.0"
            },
            "oauth-sign": {
              "version": "0.3.0",
              "from": "oauth-sign@~0.3.0"
            },
            "cookie-jar": {
              "version": "0.3.0",
              "from": "cookie-jar@~0.3.0"
            },
            "node-uuid": {
              "version": "1.4.1",
              "from": "node-uuid@~1.4.0"
            },
            "mime": {
              "version": "1.2.11",
              "from": "mime@~1.2.9",
              "resolved": "https://registry.npmjs.org/mime/-/mime-1.2.11.tgz"
            },
            "form-data": {
              "version": "0.0.8",
              "from": "form-data@0.0.8",
              "resolved": "https://registry.npmjs.org/form-data/-/form-data-0.0.8.tgz",
              "dependencies": {
                "combined-stream": {
                  "version": "0.0.5",
                  "from": "combined-stream@~0.0.4",
                  "resolved": "https://registry.npmjs.org/combined-stream/-/combined-stream-0.0.5.tgz",
                  "dependencies": {
                    "delayed-stream": {
                      "version": "0.0.5",
                      "from": "delayed-stream@0.0.5",
                      "resolved": "https://registry.npmjs.org/delayed-stream/-/delayed-stream-0.0.5.tgz"
                    }
                  }
                }
              }
            }
          }
        },
        "google-oauth-jwt": {
          "version": "0.0.4",
          "from": "google-oauth-jwt@0.0.4",
          "resolved": "https://registry.npmjs.org/google-oauth-jwt/-/google-oauth-jwt-0.0.4.tgz"
        },
        "async": {
          "version": "0.2.10",
          "from": "async@~0.2.9"
        },
        "xml2json": {
          "version": "0.4.0",
          "from": "xml2json@~0.4.0",
          "resolved": "https://registry.npmjs.org/xml2json/-/xml2json-0.4.0.tgz",
          "dependencies": {
            "node-expat": {
              "version": "2.1.4",
              "from": "node-expat@2.1.4",
              "resolved": "https://registry.npmjs.org/node-expat/-/node-expat-2.1.4.tgz",
              "dependencies": {
                "nan": {
                  "version": "0.6.0",
                  "from": "nan@~0.6.0",
                  "resolved": "https://registry.npmjs.org/nan/-/nan-0.6.0.tgz"
                }
              }
            }
          }
        }
      }
    },
    "minimist": {
      "version": "1.1.0",
      "from": "minimist@1.1.0",
      "resolved": "https://registry.npmjs.org/minimist/-/minimist-1.1.0.tgz"
    }
  }
}
